<Solution>
  <Configurations>
    <Platform Name="ARM" />
    <Platform Name="ARM64" />
    <Platform Name="x64" />
    <Platform Name="x86" />
  </Configurations>
  <Project Path="arikkoWM/arikkoWM.vcxproj" Id="8929e2ef-8899-498f-9027-635eaf47e602">
    <Platform Solution="*|x86" Project="x86" />
    <Deploy />
  </Project>
</Solution>
